{
  "name": "tslint-config-elevate-base",
  "version": "1.0.0",
  "lockfileVersion": 1,
  "requires": true,
  "dependencies": {
    "tslib": {
      "version": "1.9.0",
      "resolved": "https://registry.npmjs.org/tslib/-/tslib-1.9.0.tgz",
      "integrity": "sha512-f/qGG2tUkrISBlQZEjEqoZ3B2+npJjIf04H1wuAv9iA8i04Icp+61KRXxFdha22670NJopsZCIjhC3SnjPRKrQ=="
    },
    "tslint-microsoft-contrib": {
      "version": "5.0.3",
      "resolved": "https://registry.npmjs.org/tslint-microsoft-contrib/-/tslint-microsoft-contrib-5.0.3.tgz",
      "integrity": "sha512-5AnfTGlfpUzpRHLmoojPBKFTTmbjnwgdaTHMdllausa4GBPya5u36i9ddrTX4PhetGZvd4JUYIpAmgHqVnsctg==",
      "requires": {
        "tsutils": "2.21.2"
      }
    },
    "tsutils": {
      "version": "2.21.2",
      "resolved": "https://registry.npmjs.org/tsutils/-/tsutils-2.21.2.tgz",
      "integrity": "sha512-iaIuyjIUeFLdD39MYdzqBuY7Zv6+uGxSwRH4mf+HuzsnznjFz0R2tGrAe0/JvtNh91WrN8UN/DZRFTZNDuVekA==",
      "requires": {
        "tslib": "1.9.0"
      }
    }
  }
}
